{
    "_readme": [
        "This file locks the dependencies of your project to a known state",
        "Read more about it at https://getcomposer.org/doc/01-basic-usage.md#composer-lock-the-lock-file",
        "This file is @generated automatically"
    ],
    "content-hash": "84549c3bc746cc37517cf0ae16927c75",
    "packages": [
        {
            "name": "guzzlehttp/guzzle",
            "version": "6.3.3",
            "source": {
                "type": "git",
                "url": "https://github.com/guzzle/guzzle.git",
                "reference": "407b0cb880ace85c9b63c5f9551db498cb2d50ba"
            },
            "dist": {
                "type": "zip",
                "url": "https://files.phpcomposer.com/files/guzzle/guzzle/407b0cb880ace85c9b63c5f9551db498cb2d50ba.zip",
                "reference": "407b0cb880ace85c9b63c5f9551db498cb2d50ba",
                "shasum": ""
            },
            "require": {
                "guzzlehttp/promises": "^1.0",
                "guzzlehttp/psr7": "^1.4",
                "php": ">=5.5"
            },
            "require-dev": {
                "ext-curl": "*",
                "phpunit/phpunit": "^4.8.35 || ^5.7 || ^6.4 || ^7.0",
                "psr/log": "^1.0"
            },
            "suggest": {
                "psr/log": "Required for using the Log middleware"
            },
            "type": "library",
            "extra": {
                "branch-alias": {
                    "dev-master": "6.3-dev"
                }
            },
            "autoload": {
                "files": [
                    "src/functions_include.php"
                ],
                "psr-4": {
                    "GuzzleHttp\\": "src/"
                }
            },
            "notification-url": "https://packagist.org/downloads/",
            "license": [
                "MIT"
            ],
            "authors": [
                {
                    "name": "Michael Dowling",
                    "email": "mtdowling@gmail.com",
                    "homepage": "https://github.com/mtdowling"
                }
            ],
            "description": "Guzzle is a PHP HTTP client library",
            "homepage": "http://guzzlephp.org/",
            "keywords": [
                "client",
                "curl",
                "framework",
                "http",
                "http client",
                "rest",
                "web service"
            ],
            "time": "2018-04-22T15:46:56+00:00"
        },
        {
            "name": "guzzlehttp/promises",
            "version": "v1.3.1",
            "source": {
                "type": "git",
                "url": "https://github.com/guzzle/promises.git",
                "reference": "a59da6cf61d80060647ff4d3eb2c03a2bc694646"
            },
            "dist": {
                "type": "zip",
                "url": "https://files.phpcomposer.com/files/guzzle/promises/a59da6cf61d80060647ff4d3eb2c03a2bc694646.zip",
                "reference": "a59da6cf61d80060647ff4d3eb2c03a2bc694646",
                "shasum": ""
            },
            "require": {
                "php": ">=5.5.0"
            },
            "require-dev": {
                "phpunit/phpunit": "^4.0"
            },
            "type": "library",
            "extra": {
                "branch-alias": {
                    "dev-master": "1.4-dev"
                }
            },
            "autoload": {
                "psr-4": {
                    "GuzzleHttp\\Promise\\": "src/"
                },
                "files": [
                    "src/functions_include.php"
                ]
            },
            "notification-url": "https://packagist.org/downloads/",
            "license": [
                "MIT"
            ],
            "authors": [
                {
                    "name": "Michael Dowling",
                    "email": "mtdowling@gmail.com",
                    "homepage": "https://github.com/mtdowling"
                }
            ],
            "description": "Guzzle promises library",
            "keywords": [
                "promise"
            ],
            "time": "2016-12-20T10:07:11+00:00"
        },
        {
            "name": "guzzlehttp/psr7",
            "version": "1.4.2",
            "source": {
                "type": "git",
                "url": "https://github.com/guzzle/psr7.git",
                "reference": "f5b8a8512e2b58b0071a7280e39f14f72e05d87c"
            },
            "dist": {
                "type": "zip",
                "url": "https://files.phpcomposer.com/files/guzzle/psr7/f5b8a8512e2b58b0071a7280e39f14f72e05d87c.zip",
                "reference": "f5b8a8512e2b58b0071a7280e39f14f72e05d87c",
                "shasum": ""
            },
            "require": {
                "php": ">=5.4.0",
                "psr/http-message": "~1.0"
            },
            "provide": {
                "psr/http-message-implementation": "1.0"
            },
            "require-dev": {
                "phpunit/phpunit": "~4.0"
            },
            "type": "library",
            "extra": {
                "branch-alias": {
                    "dev-master": "1.4-dev"
                }
            },
            "autoload": {
                "psr-4": {
                    "GuzzleHttp\\Psr7\\": "src/"
                },
                "files": [
                    "src/functions_include.php"
                ]
            },
            "notification-url": "https://packagist.org/downloads/",
            "license": [
                "MIT"
            ],
            "authors": [
                {
                    "name": "Michael Dowling",
                    "email": "mtdowling@gmail.com",
                    "homepage": "https://github.com/mtdowling"
                },
                {
                    "name": "Tobias Schultze",
                    "homepage": "https://github.com/Tobion"
                }
            ],
            "description": "PSR-7 message implementation that also provides common utility methods",
            "keywords": [
                "http",
                "message",
                "request",
                "response",
                "stream",
                "uri",
                "url"
            ],
            "time": "2017-03-20T17:10:46+00:00"
        },
        {
            "name": "jaeger/g-http",
            "version": "V1.4.1",
            "source": {
                "type": "git",
                "url": "https://github.com/jae-jae/GHttp.git",
                "reference": "14e82c0e5a22adf762aca0d9b10b3cb597f2bc95"
            },
            "dist": {
                "type": "zip",
                "url": "https://files.phpcomposer.com/files/jae-jae/GHttp/14e82c0e5a22adf762aca0d9b10b3cb597f2bc95.zip",
                "reference": "14e82c0e5a22adf762aca0d9b10b3cb597f2bc95",
                "shasum": ""
            },
            "require": {
                "guzzlehttp/guzzle": "^6.2"
            },
            "type": "library",
            "autoload": {
                "psr-4": {
                    "Jaeger\\": "src"
                }
            },
            "notification-url": "https://packagist.org/downloads/",
            "license": [
                "MIT"
            ],
            "authors": [
                {
                    "name": "Jaeger",
                    "email": "JaegerCode@gmail.com"
                }
            ],
            "description": "Simple Http client base on GuzzleHttp",
            "time": "2017-12-26T07:13:50+00:00"
        },
        {
            "name": "jaeger/phpquery-single",
            "version": "0.9.9",
            "source": {
                "type": "git",
                "url": "https://github.com/jae-jae/phpQuery-single.git",
                "reference": "6c12e3a1648dc619f16920f96082f397d74e0127"
            },
            "dist": {
                "type": "zip",
                "url": "https://files.phpcomposer.com/files/jae-jae/phpQuery-single/6c12e3a1648dc619f16920f96082f397d74e0127.zip",
                "reference": "6c12e3a1648dc619f16920f96082f397d74e0127",
                "shasum": ""
            },
            "require": {
                "php": ">=5.3.0"
            },
            "type": "library",
            "autoload": {
                "classmap": [
                    "phpQuery.php"
                ]
            },
            "notification-url": "https://packagist.org/downloads/",
            "license": [
                "MIT"
            ],
            "authors": [
                {
                    "name": "Tobiasz Cudnik",
                    "email": "tobiasz.cudnik@gmail.com",
                    "homepage": "https://github.com/TobiaszCudnik",
                    "role": "Developer"
                },
                {
                    "name": "Jaeger",
                    "role": "Packager"
                }
            ],
            "description": "phpQuery单文件版本，是Querylist的依赖(http://querylist.cc/)，phpQuery项目主页:http://code.google.com/p/phpquery/",
            "homepage": "http://code.google.com/p/phpquery/",
            "time": "2017-12-07T02:13:37+00:00"
        },
        {
            "name": "jaeger/querylist",
            "version": "V4.0.3",
            "source": {
                "type": "git",
                "url": "https://github.com/jae-jae/QueryList.git",
                "reference": "1d7389598123ee0b87d4893bdf042d40f7e6ce90"
            },
            "dist": {
                "type": "zip",
                "url": "https://files.phpcomposer.com/files/jae-jae/QueryList/1d7389598123ee0b87d4893bdf042d40f7e6ce90.zip",
                "reference": "1d7389598123ee0b87d4893bdf042d40f7e6ce90",
                "shasum": ""
            },
            "require": {
                "jaeger/g-http": "^1.1",
                "jaeger/phpquery-single": "^0.9",
                "php": ">=7.0",
                "tightenco/collect": "^5"
            },
            "require-dev": {
                "symfony/var-dumper": "^3.3"
            },
            "type": "library",
            "autoload": {
                "psr-4": {
                    "QL\\": "src"
                }
            },
            "notification-url": "https://packagist.org/downloads/",
            "license": [
                "MIT"
            ],
            "authors": [
                {
                    "name": "Jaeger",
                    "email": "JaegerCode@gmail.com"
                }
            ],
            "description": "Simple, elegant, extensible PHP Web Scraper (crawler/spider),Use the css3 dom selector,Based on phpQuery! 简洁、优雅、可扩展的PHP采集工具(爬虫)，基于phpQuery。",
            "homepage": "http://querylist.cc",
            "keywords": [
                "QueryList",
                "phpQuery",
                "spider"
            ],
            "time": "2017-12-15T03:05:32+00:00"
        },
        {
            "name": "psr/http-message",
            "version": "1.0.1",
            "source": {
                "type": "git",
                "url": "https://github.com/php-fig/http-message.git",
                "reference": "f6561bf28d520154e4b0ec72be95418abe6d9363"
            },
            "dist": {
                "type": "zip",
                "url": "https://files.phpcomposer.com/files/php-fig/http-message/f6561bf28d520154e4b0ec72be95418abe6d9363.zip",
                "reference": "f6561bf28d520154e4b0ec72be95418abe6d9363",
                "shasum": ""
            },
            "require": {
                "php": ">=5.3.0"
            },
            "type": "library",
            "extra": {
                "branch-alias": {
                    "dev-master": "1.0.x-dev"
                }
            },
            "autoload": {
                "psr-4": {
                    "Psr\\Http\\Message\\": "src/"
                }
            },
            "notification-url": "https://packagist.org/downloads/",
            "license": [
                "MIT"
            ],
            "authors": [
                {
                    "name": "PHP-FIG",
                    "homepage": "http://www.php-fig.org/"
                }
            ],
            "description": "Common interface for HTTP messages",
            "homepage": "https://github.com/php-fig/http-message",
            "keywords": [
                "http",
                "http-message",
                "psr",
                "psr-7",
                "request",
                "response"
            ],
            "time": "2016-08-06T14:39:51+00:00"
        },
        {
            "name": "symfony/polyfill-mbstring",
            "version": "v1.8.0",
            "source": {
                "type": "git",
                "url": "https://github.com/symfony/polyfill-mbstring.git",
                "reference": "3296adf6a6454a050679cde90f95350ad604b171"
            },
            "dist": {
                "type": "zip",
                "url": "https://files.phpcomposer.com/files/symfony/polyfill-mbstring/3296adf6a6454a050679cde90f95350ad604b171.zip",
                "reference": "3296adf6a6454a050679cde90f95350ad604b171",
                "shasum": ""
            },
            "require": {
                "php": ">=5.3.3"
            },
            "suggest": {
                "ext-mbstring": "For best performance"
            },
            "type": "library",
            "extra": {
                "branch-alias": {
                    "dev-master": "1.8-dev"
                }
            },
            "autoload": {
                "psr-4": {
                    "Symfony\\Polyfill\\Mbstring\\": ""
                },
                "files": [
                    "bootstrap.php"
                ]
            },
            "notification-url": "https://packagist.org/downloads/",
            "license": [
                "MIT"
            ],
            "authors": [
                {
                    "name": "Nicolas Grekas",
                    "email": "p@tchwork.com"
                },
                {
                    "name": "Symfony Community",
                    "homepage": "https://symfony.com/contributors"
                }
            ],
            "description": "Symfony polyfill for the Mbstring extension",
            "homepage": "https://symfony.com",
            "keywords": [
                "compatibility",
                "mbstring",
                "polyfill",
                "portable",
                "shim"
            ],
            "time": "2018-04-26T10:06:28+00:00"
        },
        {
            "name": "symfony/var-dumper",
            "version": "v3.4.11",
            "source": {
                "type": "git",
                "url": "https://github.com/symfony/var-dumper.git",
                "reference": "0e6545672d8c9ce70dd472adc2f8b03155a46f73"
            },
            "dist": {
                "type": "zip",
                "url": "https://files.phpcomposer.com/files/symfony/var-dumper/0e6545672d8c9ce70dd472adc2f8b03155a46f73.zip",
                "reference": "0e6545672d8c9ce70dd472adc2f8b03155a46f73",
                "shasum": ""
            },
            "require": {
                "php": "^5.5.9|>=7.0.8",
                "symfony/polyfill-mbstring": "~1.0"
            },
            "conflict": {
                "phpunit/phpunit": "<4.8.35|<5.4.3,>=5.0"
            },
            "require-dev": {
                "ext-iconv": "*",
                "twig/twig": "~1.34|~2.4"
            },
            "suggest": {
                "ext-iconv": "To convert non-UTF-8 strings to UTF-8 (or symfony/polyfill-iconv in case ext-iconv cannot be used).",
                "ext-intl": "To show region name in time zone dump",
                "ext-symfony_debug": ""
            },
            "type": "library",
            "extra": {
                "branch-alias": {
                    "dev-master": "3.4-dev"
                }
            },
            "autoload": {
                "files": [
                    "Resources/functions/dump.php"
                ],
                "psr-4": {
                    "Symfony\\Component\\VarDumper\\": ""
                },
                "exclude-from-classmap": [
                    "/Tests/"
                ]
            },
            "notification-url": "https://packagist.org/downloads/",
            "license": [
                "MIT"
            ],
            "authors": [
                {
                    "name": "Nicolas Grekas",
                    "email": "p@tchwork.com"
                },
                {
                    "name": "Symfony Community",
                    "homepage": "https://symfony.com/contributors"
                }
            ],
            "description": "Symfony mechanism for exploring and dumping PHP variables",
            "homepage": "https://symfony.com",
            "keywords": [
                "debug",
                "dump"
            ],
            "time": "2018-04-26T12:42:15+00:00"
        },
        {
            "name": "tightenco/collect",
            "version": "v5.5.33",
            "source": {
                "type": "git",
                "url": "https://github.com/tightenco/collect.git",
                "reference": "a2a3ca1c56aa18948b4e08e90f38fcdee859cc4c"
            },
            "dist": {
                "type": "zip",
                "url": "https://files.phpcomposer.com/files/tightenco/collect/a2a3ca1c56aa18948b4e08e90f38fcdee859cc4c.zip",
                "reference": "a2a3ca1c56aa18948b4e08e90f38fcdee859cc4c",
                "shasum": ""
            },
            "require": {
                "php": ">=7.0",
                "symfony/var-dumper": "~3.3"
            },
            "require-dev": {
                "mockery/mockery": "~1.0",
                "phpunit/phpunit": "~6.0"
            },
            "type": "library",
            "autoload": {
                "files": [
                    "src/Collect/Support/helpers.php",
                    "src/Collect/Support/alias.php"
                ],
                "psr-4": {
                    "Tightenco\\Collect\\": "src/Collect"
                }
            },
            "notification-url": "https://packagist.org/downloads/",
            "license": [
                "MIT"
            ],
            "authors": [
                {
                    "name": "Taylor Otwell",
                    "email": "taylorotwell@gmail.com"
                }
            ],
            "description": "Collect - Illuminate Collections as a separate package.",
            "keywords": [
                "collection",
                "laravel"
            ],
            "time": "2018-02-09T02:05:17+00:00"
        },
        {
            "name": "topthink/framework",
            "version": "v5.0.12",
            "source": {
                "type": "git",
                "url": "https://github.com/top-think/framework.git",
                "reference": "0fb51680e8d62495d27f17a0e6cf889b763a6d3c"
            },
            "dist": {
                "type": "zip",
                "url": "https://files.phpcomposer.com/files/top-think/framework/0fb51680e8d62495d27f17a0e6cf889b763a6d3c.zip",
                "reference": "0fb51680e8d62495d27f17a0e6cf889b763a6d3c",
                "shasum": ""
            },
            "require": {
                "php": ">=5.4.0",
                "topthink/think-installer": "~1.0"
            },
            "require-dev": {
                "johnkary/phpunit-speedtrap": "^1.0",
                "mikey179/vfsstream": "~1.6",
                "phpdocumentor/reflection-docblock": "^2.0",
                "phploc/phploc": "2.*",
                "phpunit/phpunit": "4.8.*",
                "sebastian/phpcpd": "2.*"
            },
            "type": "think-framework",
            "autoload": {
                "psr-4": {
                    "think\\": "library/think"
                }
            },
            "notification-url": "https://packagist.org/downloads/",
            "license": [
                "Apache-2.0"
            ],
            "authors": [
                {
                    "name": "liu21st",
                    "email": "liu21st@gmail.com"
                }
            ],
            "description": "the new thinkphp framework",
            "homepage": "http://thinkphp.cn/",
            "keywords": [
                "framework",
                "orm",
                "thinkphp"
            ],
            "time": "2017-11-06T01:19:03+00:00"
        },
        {
            "name": "topthink/think-captcha",
            "version": "v1.0.7",
            "source": {
                "type": "git",
                "url": "https://github.com/top-think/think-captcha.git",
                "reference": "0c55455df26a1626a60d0dc35d2d89002b741d44"
            },
            "dist": {
                "type": "zip",
                "url": "https://files.phpcomposer.com/files/top-think/think-captcha/0c55455df26a1626a60d0dc35d2d89002b741d44.zip",
                "reference": "0c55455df26a1626a60d0dc35d2d89002b741d44",
                "shasum": ""
            },
            "type": "library",
            "autoload": {
                "psr-4": {
                    "think\\captcha\\": "src/"
                },
                "files": [
                    "src/helper.php"
                ]
            },
            "notification-url": "https://packagist.org/downloads/",
            "license": [
                "Apache-2.0"
            ],
            "authors": [
                {
                    "name": "yunwuxin",
                    "email": "448901948@qq.com"
                }
            ],
            "description": "captcha package for thinkphp5",
            "time": "2016-07-06T01:47:11+00:00"
        },
        {
            "name": "topthink/think-helper",
            "version": "v1.0.6",
            "source": {
                "type": "git",
                "url": "https://github.com/top-think/think-helper.git",
                "reference": "0c99dc625b0d2d4124e1b6ca15a3ad6f0125963f"
            },
            "dist": {
                "type": "zip",
                "url": "https://files.phpcomposer.com/files/top-think/think-helper/0c99dc625b0d2d4124e1b6ca15a3ad6f0125963f.zip",
                "reference": "0c99dc625b0d2d4124e1b6ca15a3ad6f0125963f",
                "shasum": ""
            },
            "type": "library",
            "autoload": {
                "psr-4": {
                    "think\\helper\\": "src"
                },
                "files": [
                    "src/helper.php"
                ]
            },
            "notification-url": "https://packagist.org/downloads/",
            "license": [
                "Apache-2.0"
            ],
            "authors": [
                {
                    "name": "yunwuxin",
                    "email": "448901948@qq.com"
                }
            ],
            "description": "The ThinkPHP5 Helper Package",
            "time": "2017-04-05T07:15:37+00:00"
        },
        {
            "name": "topthink/think-image",
            "version": "v1.0.7",
            "source": {
                "type": "git",
                "url": "https://github.com/top-think/think-image.git",
                "reference": "8586cf47f117481c6d415b20f7dedf62e79d5512"
            },
            "dist": {
                "type": "zip",
                "url": "https://files.phpcomposer.com/files/top-think/think-image/8586cf47f117481c6d415b20f7dedf62e79d5512.zip",
                "reference": "8586cf47f117481c6d415b20f7dedf62e79d5512",
                "shasum": ""
            },
            "require": {
                "ext-gd": "*"
            },
            "require-dev": {
                "phpunit/phpunit": "4.8.*",
                "topthink/framework": "^5.0"
            },
            "type": "library",
            "autoload": {
                "psr-4": {
                    "think\\": "src"
                }
            },
            "notification-url": "https://packagist.org/downloads/",
            "license": [
                "Apache-2.0"
            ],
            "authors": [
                {
                    "name": "yunwuxin",
                    "email": "448901948@qq.com"
                }
            ],
            "description": "The ThinkPHP5 Image Package",
            "time": "2016-09-29T06:05:43+00:00"
        },
        {
            "name": "topthink/think-installer",
            "version": "v1.0.12",
            "source": {
                "type": "git",
                "url": "https://github.com/top-think/think-installer.git",
                "reference": "1be326e68f63de4e95977ed50f46ae75f017556d"
            },
            "dist": {
                "type": "zip",
                "url": "https://files.phpcomposer.com/files/top-think/think-installer/1be326e68f63de4e95977ed50f46ae75f017556d.zip",
                "reference": "1be326e68f63de4e95977ed50f46ae75f017556d",
                "shasum": ""
            },
            "require": {
                "composer-plugin-api": "^1.0"
            },
            "require-dev": {
                "composer/composer": "1.0.*@dev"
            },
            "type": "composer-plugin",
            "extra": {
                "class": "think\\composer\\Plugin"
            },
            "autoload": {
                "psr-4": {
                    "think\\composer\\": "src"
                }
            },
            "notification-url": "https://packagist.org/downloads/",
            "license": [
                "Apache-2.0"
            ],
            "authors": [
                {
                    "name": "yunwuxin",
                    "email": "448901948@qq.com"
                }
            ],
            "time": "2017-05-27T06:58:09+00:00"
        },
        {
            "name": "topthink/think-migration",
            "version": "v1.1.1",
            "source": {
                "type": "git",
                "url": "https://github.com/top-think/think-migration.git",
                "reference": "8e489f8d38a39876690c0e00fcf9a54ae92c4d3d"
            },
            "dist": {
                "type": "zip",
                "url": "https://files.phpcomposer.com/files/top-think/think-migration/8e489f8d38a39876690c0e00fcf9a54ae92c4d3d.zip",
                "reference": "8e489f8d38a39876690c0e00fcf9a54ae92c4d3d",
                "shasum": ""
            },
            "require-dev": {
                "topthink/framework": "^5.0"
            },
            "type": "library",
            "autoload": {
                "psr-4": {
                    "Phinx\\": "phinx/src/Phinx",
                    "think\\migration\\": "src"
                },
                "files": [
                    "src/config.php"
                ]
            },
            "notification-url": "https://packagist.org/downloads/",
            "license": [
                "Apache-2.0"
            ],
            "authors": [
                {
                    "name": "yunwuxin",
                    "email": "448901948@qq.com"
                }
            ],
            "time": "2017-03-31T06:33:23+00:00"
        },
        {
            "name": "topthink/think-mongo",
            "version": "v1.7",
            "source": {
                "type": "git",
                "url": "https://github.com/top-think/think-mongo.git",
                "reference": "fc552c8fe5798679a52f4f0d7e60763f64aeb155"
            },
            "dist": {
                "type": "zip",
                "url": "https://files.phpcomposer.com/files/top-think/think-mongo/fc552c8fe5798679a52f4f0d7e60763f64aeb155.zip",
                "reference": "fc552c8fe5798679a52f4f0d7e60763f64aeb155",
                "shasum": ""
            },
            "type": "library",
            "autoload": {
                "psr-4": {
                    "think\\mongo\\": "src"
                },
                "files": []
            },
            "notification-url": "https://packagist.org/downloads/",
            "license": [
                "Apache-2.0"
            ],
            "authors": [
                {
                    "name": "liu21st",
                    "email": "liu21st@gmail.com"
                }
            ],
            "description": "mongodb driver for thinkphp5",
            "time": "2017-05-05T07:52:33+00:00"
        },
        {
            "name": "topthink/think-queue",
            "version": "v1.1.4",
            "source": {
                "type": "git",
                "url": "https://github.com/top-think/think-queue.git",
                "reference": "ad709611d516e13d6760234bc98e91faa901cae8"
            },
            "dist": {
                "type": "zip",
                "url": "https://files.phpcomposer.com/files/top-think/think-queue/ad709611d516e13d6760234bc98e91faa901cae8.zip",
                "reference": "ad709611d516e13d6760234bc98e91faa901cae8",
                "shasum": ""
            },
            "require": {
                "topthink/think-helper": ">=1.0.4",
                "topthink/think-installer": ">=1.0.10"
            },
            "type": "think-extend",
            "extra": {
                "think-config": {
                    "queue": "src/config.php"
                }
            },
            "autoload": {
                "psr-4": {
                    "think\\": "src"
                },
                "files": [
                    "src/common.php"
                ]
            },
            "notification-url": "https://packagist.org/downloads/",
            "license": [
                "Apache-2.0"
            ],
            "authors": [
                {
                    "name": "yunwuxin",
                    "email": "448901948@qq.com"
                }
            ],
            "description": "The ThinkPHP5 Queue Package",
            "time": "2017-06-25T00:49:56+00:00"
        },
        {
            "name": "topthink/think-worker",
            "version": "v1.0.1",
            "source": {
                "type": "git",
                "url": "https://github.com/top-think/think-worker.git",
                "reference": "b609ff5e38dbb7194aab027d2b2c6b31a7ed1bd1"
            },
            "dist": {
                "type": "zip",
                "url": "https://files.phpcomposer.com/files/top-think/think-worker/b609ff5e38dbb7194aab027d2b2c6b31a7ed1bd1.zip",
                "reference": "b609ff5e38dbb7194aab027d2b2c6b31a7ed1bd1",
                "shasum": ""
            },
            "require": {
                "workerman/workerman": "^3.3.0"
            },
            "type": "library",
            "autoload": {
                "psr-4": {
                    "think\\worker\\": "src"
                },
                "files": []
            },
            "notification-url": "https://packagist.org/downloads/",
            "license": [
                "Apache-2.0"
            ],
            "authors": [
                {
                    "name": "liu21st",
                    "email": "liu21st@gmail.com"
                }
            ],
            "description": "workerman extend for thinkphp5",
            "time": "2016-10-08T06:07:03+00:00"
        },
        {
            "name": "workerman/workerman",
            "version": "v3.5.4",
            "source": {
                "type": "git",
                "url": "https://github.com/walkor/Workerman.git",
                "reference": "f6e129079e5f5398bffc218024f2dd95678fc564"
            },
            "dist": {
                "type": "zip",
                "url": "https://files.phpcomposer.com/files/walkor/Workerman/f6e129079e5f5398bffc218024f2dd95678fc564.zip",
                "reference": "f6e129079e5f5398bffc218024f2dd95678fc564",
                "shasum": ""
            },
            "require": {
                "php": ">=5.3"
            },
            "suggest": {
                "ext-event": "For better performance. "
            },
            "type": "library",
            "autoload": {
                "psr-4": {
                    "Workerman\\": "./"
                }
            },
            "notification-url": "https://packagist.org/downloads/",
            "license": [
                "MIT"
            ],
            "authors": [
                {
                    "name": "walkor",
                    "email": "walkor@workerman.net",
                    "homepage": "http://www.workerman.net",
                    "role": "Developer"
                }
            ],
            "description": "An asynchronous event driven PHP framework for easily building fast, scalable network applications.",
            "homepage": "http://www.workerman.net",
            "keywords": [
                "asynchronous",
                "event-loop"
            ],
            "time": "2017-12-06T04:17:52+00:00"
        }
    ],
    "packages-dev": [],
    "aliases": [],
    "minimum-stability": "stable",
    "stability-flags": [],
    "prefer-stable": false,
    "prefer-lowest": false,
    "platform": [],
    "platform-dev": []
}
